
Microsoft Visual Studio Solution File, Format Version 12.00
# Visual Studio Version 17
VisualStudioVersion = 17.14.36811.4
MinimumVisualStudioVersion = 10.0.40219.1
Project("{FAE04EC0-301F-11D3-BF4B-00C04F79EFBC}") = "cuahangtaphoa", "cuahangtaphoa\cuahangtaphoa.csproj", "{6C64082F-56B2-4694-9370-9FBB9E50E015}"
EndProject
Project("{FAE04EC0-301F-11D3-BF4B-00C04F79EFBC}") = "Test_Login", "Test_Login\Test_Login.csproj", "{7DD21430-E4F3-1FC8-F07F-569D7A4846C5}"
EndProject
Global
	GlobalSection(SolutionConfigurationPlatforms) = preSolution
		Debug|Any CPU = Debug|Any CPU
		Release|Any CPU = Release|Any CPU
	EndGlobalSection
	GlobalSection(ProjectConfigurationPlatforms) = postSolution
		{6C64082F-56B2-4694-9370-9FBB9E50E015}.Debug|Any CPU.ActiveCfg = Debug|Any CPU
		{6C64082F-56B2-4694-9370-9FBB9E50E015}.Debug|Any CPU.Build.0 = Debug|Any CPU
		{6C64082F-56B2-4694-9370-9FBB9E50E015}.Release|Any CPU.ActiveCfg = Release|Any CPU
		{6C64082F-56B2-4694-9370-9FBB9E50E015}.Release|Any CPU.Build.0 = Release|Any CPU
		{7DD21430-E4F3-1FC8-F07F-569D7A4846C5}.Debug|Any CPU.ActiveCfg = Debug|Any CPU
		{7DD21430-E4F3-1FC8-F07F-569D7A4846C5}.Debug|Any CPU.Build.0 = Debug|Any CPU
		{7DD21430-E4F3-1FC8-F07F-569D7A4846C5}.Release|Any CPU.ActiveCfg = Release|Any CPU
		{7DD21430-E4F3-1FC8-F07F-569D7A4846C5}.Release|Any CPU.Build.0 = Release|Any CPU
	EndGlobalSection
	GlobalSection(SolutionProperties) = preSolution
		HideSolutionNode = FALSE
	EndGlobalSection
	GlobalSection(ExtensibilityGlobals) = postSolution
		SolutionGuid = {54622AED-B609-4136-A006-2C2A12AD9CEF}
	EndGlobalSection
EndGlobal
